
Microsoft Visual Studio Solution File, Format Version 12.00
# Visual Studio Version 17
VisualStudioVersion = 17.0.31903.59
MinimumVisualStudioVersion = 10.0.40219.1
Project("{FAE04EC0-301F-11D3-BF4B-00C04F79EFBC}") = "ADO", "ADO\ADO.csproj", "{61724FFB-B444-4C13-9127-716D7EFA02A4}"
EndProject
Project("{2150E333-8FDC-42A3-9474-1A3956D46DE8}") = "EntityFramework", "EntityFramework", "{DD7606D6-E20D-4758-B5C1-F10800460EF8}"
EndProject
Project("{FAE04EC0-301F-11D3-BF4B-00C04F79EFBC}") = "Exemplo1", "EntityFramework\Exemplo1\Exemplo1.csproj", "{70C9250A-6F23-4051-A738-599DF25B885C}"
EndProject
Project("{2150E333-8FDC-42A3-9474-1A3956D46DE8}") = "Dapper", "Dapper", "{553AEBD4-EDF2-43D5-82BE-81ABBDB0B45E}"
EndProject
Project("{FAE04EC0-301F-11D3-BF4B-00C04F79EFBC}") = "Exemplo1", "Dapper\Exemplo1\Exemplo1.csproj", "{DCF35FC4-3FD8-4C1D-BDF9-394FFA31E40C}"
EndProject
Project("{FAE04EC0-301F-11D3-BF4B-00C04F79EFBC}") = "UsersPc", "EntityFramework\UsersPc\UsersPc.csproj", "{EF6BC605-68F7-4F3C-B9A9-402C01C3D630}"
EndProject
Project("{2150E333-8FDC-42A3-9474-1A3956D46DE8}") = "WindowsForms", "WindowsForms", "{C5E6FC0B-87EE-49F8-B7F9-CB681363C841}"
EndProject
Project("{FAE04EC0-301F-11D3-BF4B-00C04F79EFBC}") = "Classes_Partial", "WindowsForms\Classes_Partial\Classes_Partial.csproj", "{DB453D85-9737-46A1-BF9D-E68BB13163F7}"
EndProject
Project("{FAE04EC0-301F-11D3-BF4B-00C04F79EFBC}") = "Exemplo_Console_Forms", "WindowsForms\Exemplo_Console_Forms\Exemplo_Console_Forms.csproj", "{E5D850F3-1030-433C-B5FE-868BD9B18B88}"
EndProject
Global
	GlobalSection(SolutionConfigurationPlatforms) = preSolution
		Debug|Any CPU = Debug|Any CPU
		Release|Any CPU = Release|Any CPU
	EndGlobalSection
	GlobalSection(SolutionProperties) = preSolution
		HideSolutionNode = FALSE
	EndGlobalSection
	GlobalSection(ProjectConfigurationPlatforms) = postSolution
		{61724FFB-B444-4C13-9127-716D7EFA02A4}.Debug|Any CPU.ActiveCfg = Debug|Any CPU
		{61724FFB-B444-4C13-9127-716D7EFA02A4}.Debug|Any CPU.Build.0 = Debug|Any CPU
		{61724FFB-B444-4C13-9127-716D7EFA02A4}.Release|Any CPU.ActiveCfg = Release|Any CPU
		{61724FFB-B444-4C13-9127-716D7EFA02A4}.Release|Any CPU.Build.0 = Release|Any CPU
		{4AB4AC94-9084-43EA-942A-15465E94AE61}.Debug|Any CPU.ActiveCfg = Debug|Any CPU
		{4AB4AC94-9084-43EA-942A-15465E94AE61}.Debug|Any CPU.Build.0 = Debug|Any CPU
		{4AB4AC94-9084-43EA-942A-15465E94AE61}.Release|Any CPU.ActiveCfg = Release|Any CPU
		{4AB4AC94-9084-43EA-942A-15465E94AE61}.Release|Any CPU.Build.0 = Release|Any CPU
		{70C9250A-6F23-4051-A738-599DF25B885C}.Debug|Any CPU.ActiveCfg = Debug|Any CPU
		{70C9250A-6F23-4051-A738-599DF25B885C}.Debug|Any CPU.Build.0 = Debug|Any CPU
		{70C9250A-6F23-4051-A738-599DF25B885C}.Release|Any CPU.ActiveCfg = Release|Any CPU
		{70C9250A-6F23-4051-A738-599DF25B885C}.Release|Any CPU.Build.0 = Release|Any CPU
		{DCF35FC4-3FD8-4C1D-BDF9-394FFA31E40C}.Debug|Any CPU.ActiveCfg = Debug|Any CPU
		{DCF35FC4-3FD8-4C1D-BDF9-394FFA31E40C}.Debug|Any CPU.Build.0 = Debug|Any CPU
		{DCF35FC4-3FD8-4C1D-BDF9-394FFA31E40C}.Release|Any CPU.ActiveCfg = Release|Any CPU
		{DCF35FC4-3FD8-4C1D-BDF9-394FFA31E40C}.Release|Any CPU.Build.0 = Release|Any CPU
		{EF6BC605-68F7-4F3C-B9A9-402C01C3D630}.Debug|Any CPU.ActiveCfg = Debug|Any CPU
		{EF6BC605-68F7-4F3C-B9A9-402C01C3D630}.Debug|Any CPU.Build.0 = Debug|Any CPU
		{EF6BC605-68F7-4F3C-B9A9-402C01C3D630}.Release|Any CPU.ActiveCfg = Release|Any CPU
		{EF6BC605-68F7-4F3C-B9A9-402C01C3D630}.Release|Any CPU.Build.0 = Release|Any CPU
		{DB453D85-9737-46A1-BF9D-E68BB13163F7}.Debug|Any CPU.ActiveCfg = Debug|Any CPU
		{DB453D85-9737-46A1-BF9D-E68BB13163F7}.Debug|Any CPU.Build.0 = Debug|Any CPU
		{DB453D85-9737-46A1-BF9D-E68BB13163F7}.Release|Any CPU.ActiveCfg = Release|Any CPU
		{DB453D85-9737-46A1-BF9D-E68BB13163F7}.Release|Any CPU.Build.0 = Release|Any CPU
		{E5D850F3-1030-433C-B5FE-868BD9B18B88}.Debug|Any CPU.ActiveCfg = Debug|Any CPU
		{E5D850F3-1030-433C-B5FE-868BD9B18B88}.Debug|Any CPU.Build.0 = Debug|Any CPU
		{E5D850F3-1030-433C-B5FE-868BD9B18B88}.Release|Any CPU.ActiveCfg = Release|Any CPU
		{E5D850F3-1030-433C-B5FE-868BD9B18B88}.Release|Any CPU.Build.0 = Release|Any CPU
	EndGlobalSection
	GlobalSection(NestedProjects) = preSolution
		{70C9250A-6F23-4051-A738-599DF25B885C} = {DD7606D6-E20D-4758-B5C1-F10800460EF8}
		{DCF35FC4-3FD8-4C1D-BDF9-394FFA31E40C} = {553AEBD4-EDF2-43D5-82BE-81ABBDB0B45E}
		{EF6BC605-68F7-4F3C-B9A9-402C01C3D630} = {DD7606D6-E20D-4758-B5C1-F10800460EF8}
		{DB453D85-9737-46A1-BF9D-E68BB13163F7} = {C5E6FC0B-87EE-49F8-B7F9-CB681363C841}
		{E5D850F3-1030-433C-B5FE-868BD9B18B88} = {C5E6FC0B-87EE-49F8-B7F9-CB681363C841}
	EndGlobalSection
EndGlobal
